// !$*UTF8*$!
{
	archiveVersion = 1;
	classes = {
	};
	objectVersion = 46;
	objects = {

/* Begin PBXBuildFile section */
		528FFDB81D7A3C0900EAE4EF /* main.cpp in Sources */ = {isa = PBXBuildFile; fileRef = 528FFDB71D7A3C0900EAE4EF /* main.cpp */; };
/* End PBXBuildFile section */

/* Begin PBXCopyFilesBuildPhase section */
		528FFDB21D7A3C0900EAE4EF /* CopyFiles */ = {
			isa = PBXCopyFilesBuildPhase;
			buildActionMask = 2147483647;
			dstPath = /usr/share/man/man1/;
			dstSubfolderSpec = 0;
			files = (
			);
			runOnlyForDeploymentPostprocessing = 1;
		};
/* End PBXCopyFilesBuildPhase section */

/* Begin PBXFileReference section */
		528FFDB41D7A3C0900EAE4EF /* filetest */ = {isa = PBXFileReference; explicitFileType = "compiled.mach-o.executable"; includeInIndex = 0; path = filetest; sourceTree = BUILT_PRODUCTS_DIR; };
		528FFDB71D7A3C0900EAE4EF /* main.cpp */ = {isa = PBXFileReference; lastKnownFileType = sourcecode.cpp.cpp; path = main.cpp; sourceTree = "<group>"; };
		52DF059B1D7A5DD300A7718C /* input.txt */ = {isa = PBXFileReference; fileEncoding = 4; lastKnownFileType = text; name = input.txt; path = filetest/input.txt; sourceTree = "<group>"; };
/* End PBXFileReference section */

/* Begin PBXFrameworksBuildPhase section */
		528FFDB11D7A3C0900EAE4EF /* Frameworks */ = {
			isa = PBXFrameworksBuildPhase;
			buildActionMask = 2147483647;
			files = (
			);
			runOnlyForDeploymentPostprocessing = 0;
		};
/* End PBXFrameworksBuildPhase section */

/* Begin PBXGroup section */
		528FFDAB1D7A3C0900EAE4EF = {
			isa = PBXGroup;
			children = (
				52DF059B1D7A5DD300A7718C /* input.txt */,
				528FFDB61D7A3C0900EAE4EF /* filetest */,
				528FFDB51D7A3C0900EAE4EF /* Products */,
			);
			sourceTree = "<group>";
		};
		528FFDB51D7A3C0900EAE4EF /* Products */ = {
			isa = PBXGroup;
			children = (
				528FFDB41D7A3C0900EAE4EF /* filetest */,
			);
			name = Products;
			sourceTree = "<group>";
		};
		528FFDB61D7A3C0900EAE4EF /* filetest */ = {
			isa = PBXGroup;
			children = (
				528FFDB71D7A3C0900EAE4EF /* main.cpp */,
			);
			path = filetest;
			sourceTree = "<group>";
		};
/* End PBXGroup section */

/* Begin PBXNativeTarget section */
		528FFDB31D7A3C0900EAE4EF /* filetest */ = {
			isa = PBXNativeTarget;
			buildConfigurationList = 528FFDBB1D7A3C0900EAE4EF /* Build configuration list for PBXNativeTarget "filetest" */;
			buildPhases = (
				528FFDB01D7A3C0900EAE4EF /* Sources */,
				528FFDB11D7A3C0900EAE4EF /* Frameworks */,
				528FFDB21D7A3C0900EAE4EF /* CopyFiles */,
			);
			buildRules = (
			);
			dependencies = (
			);
			name = filetest;
			productName = filetest;
			productReference = 528FFDB41D7A3C0900EAE4EF /* filetest */;
			productType = "com.apple.product-type.tool";
		};
/* End PBXNativeTarget section */

/* Begin PBXProject section */
		528FFDAC1D7A3C0900EAE4EF /* Project object */ = {
			isa = PBXProject;
			attributes = {
				LastUpgradeCheck = 0730;
				ORGANIZATIONNAME = "Gal Egozi";
				TargetAttributes = {
					528FFDB31D7A3C0900EAE4EF = {
						CreatedOnToolsVersion = 7.3.1;
					};
				};
			};
			buildConfigurationList = 528FFDAF1D7A3C0900EAE4EF /* Build configuration list for PBXProject "filetest" */;
			compatibilityVersion = "Xcode 3.2";
			developmentRegion = English;
			hasScannedForEncodings = 0;
			knownRegions = (
				en,
			);
			mainGroup = 528FFDAB1D7A3C0900EAE4EF;
			productRefGroup = 528FFDB51D7A3C0900EAE4EF /* Products */;
			projectDirPath = "";
			projectRoot = "";
			targets = (
				528FFDB31D7A3C0900EAE4EF /* filetest */,
			);
		};
/* End PBXProject section */

/* Begin PBXSourcesBuildPhase section */
		528FFDB01D7A3C0900EAE4EF /* Sources */ = {
			isa = PBXSourcesBuildPhase;
			buildActionMask = 2147483647;
			files = (
				528FFDB81D7A3C0900EAE4EF /* main.cpp in Sources */,
			);
			runOnlyForDeploymentPostprocessing = 0;
		};
/* End PBXSourcesBuildPhase section */

/* Begin XCBuildConfiguration section */
		528FFDB91D7A3C0900EAE4EF /* Debug */ = {
			isa = XCBuildConfiguration;
			buildSettings = {
				ALWAYS_SEARCH_USER_PATHS = NO;
				CLANG_ANALYZER_NONNULL = YES;
				CLANG_CXX_LANGUAGE_STANDARD = "gnu++0x";
				CLANG_CXX_LIBRARY = "libc++";
				CLANG_ENABLE_MODULES = YES;
				CLANG_ENABLE_OBJC_ARC = YES;
				CLANG_WARN_BOOL_CONVERSION = YES;
				CLANG_WARN_CONSTANT_CONVERSION = YES;
				CLANG_WARN_DIRECT_OBJC_ISA_USAGE = YES_ERROR;
				CLANG_WARN_EMPTY_BODY = YES;
				CLANG_WARN_ENUM_CONVERSION = YES;
				CLANG_WARN_INT_CONVERSION = YES;
				CLANG_WARN_OBJC_ROOT_CLASS = YES_ERROR;
				CLANG_WARN_UNREACHABLE_CODE = YES;
				CLANG_WARN__DUPLICATE_METHOD_MATCH = YES;
				CODE_SIGN_IDENTITY = "-";
				COPY_PHASE_STRIP = NO;
				DEBUG_INFORMATION_FORMAT = dwarf;
				ENABLE_STRICT_OBJC_MSGSEND = YES;
				ENABLE_TESTABILITY = YES;
				GCC_C_LANGUAGE_STANDARD = gnu99;
				GCC_DYNAMIC_NO_PIC = NO;
				GCC_NO_COMMON_BLOCKS = YES;
				GCC_OPTIMIZATION_LEVEL = 0;
				GCC_PREPROCESSOR_DEFINITIONS = (
					"DEBUG=1",
					"$(inherited)",
				);
				GCC_WARN_64_TO_32_BIT_CONVERSION = YES;
				GCC_WARN_ABOUT_RETURN_TYPE = YES_ERROR;
				GCC_WARN_UNDECLARED_SELECTOR = YES;
				GCC_WARN_UNINITIALIZED_AUTOS = YES_AGGRESSIVE;
				GCC_WARN_UNUSED_FUNCTION = YES;
				GCC_WARN_UNUSED_VARIABLE = YES;
				MACOSX_DEPLOYMENT_TARGET = 10.11;
				MTL_ENABLE_DEBUG_INFO = YES;
				ONLY_ACTIVE_ARCH = YES;
				SDKROOT = macosx;
			};
			name = Debug;
		};
		528FFDBA1D7A3C0900EAE4EF /* Release */ = {
			isa = XCBuildConfiguration;
			buildSettings = {
				ALWAYS_SEARCH_USER_PATHS = NO;
				CLANG_ANALYZER_NONNULL = YES;
				CLANG_CXX_LANGUAGE_STANDARD = "gnu++0x";
				CLANG_CXX_LIBRARY = "libc++";
				CLANG_ENABLE_MODULES = YES;
				CLANG_ENABLE_OBJC_ARC = YES;
				CLANG_WARN_BOOL_CONVERSION = YES;
				CLANG_WARN_CONSTANT_CONVERSION = YES;
				CLANG_WARN_DIRECT_OBJC_ISA_USAGE = YES_ERROR;
				CLANG_WARN_EMPTY_BODY = YES;
				CLANG_WARN_ENUM_CONVERSION = YES;
				CLANG_WARN_INT_CONVERSION = YES;
				CLANG_WARN_OBJC_ROOT_CLASS = YES_ERROR;
				CLANG_WARN_UNREACHABLE_CODE = YES;
				CLANG_WARN__DUPLICATE_METHOD_MATCH = YES;
				CODE_SIGN_IDENTITY = "-";
				COPY_PHASE_STRIP = NO;
				DEBUG_INFORMATION_FORMAT = "dwarf-with-dsym";
				ENABLE_NS_ASSERTIONS = NO;
				ENABLE_STRICT_OBJC_MSGSEND = YES;
				GCC_C_LANGUAGE_STANDARD = gnu99;
				GCC_NO_COMMON_BLOCKS = YES;
				GCC_WARN_64_TO_32_BIT_CONVERSION = YES;
				GCC_WARN_ABOUT_RETURN_TYPE = YES_ERROR;
				GCC_WARN_UNDECLARED_SELECTOR = YES;
				GCC_WARN_UNINITIALIZED_AUTOS = YES_AGGRESSIVE;
				GCC_WARN_UNUSED_FUNCTION = YES;
				GCC_WARN_UNUSED_VARIABLE = YES;
				MACOSX_DEPLOYMENT_TARGET = 10.11;
				MTL_ENABLE_DEBUG_INFO = NO;
				SDKROOT = macosx;
			};
			name = Release;
		};
		528FFDBC1D7A3C0900EAE4EF /* Debug */ = {
			isa = XCBuildConfiguration;
			buildSettings = {
				PRODUCT_NAME = "$(TARGET_NAME)";
			};
			name = Debug;
		};
		528FFDBD1D7A3C0900EAE4EF /* Release */ = {
			isa = XCBuildConfiguration;
			buildSettings = {
				PRODUCT_NAME = "$(TARGET_NAME)";
			};
			name = Release;
		};
/* End XCBuildConfiguration section */

/* Begin XCConfigurationList section */
		528FFDAF1D7A3C0900EAE4EF /* Build configuration list for PBXProject "filetest" */ = {
			isa = XCConfigurationList;
			buildConfigurations = (
				528FFDB91D7A3C0900EAE4EF /* Debug */,
				528FFDBA1D7A3C0900EAE4EF /* Release */,
			);
			defaultConfigurationIsVisible = 0;
			defaultConfigurationName = Release;
		};
		528FFDBB1D7A3C0900EAE4EF /* Build configuration list for PBXNativeTarget "filetest" */ = {
			isa = XCConfigurationList;
			buildConfigurations = (
				528FFDBC1D7A3C0900EAE4EF /* Debug */,
				528FFDBD1D7A3C0900EAE4EF /* Release */,
			);
			defaultConfigurationIsVisible = 0;
			defaultConfigurationName = Release;
		};
/* End XCConfigurationList section */
	};
	rootObject = 528FFDAC1D7A3C0900EAE4EF /* Project object */;
}
